
Microsoft Visual Studio Solution File, Format Version 12.00
# Visual Studio Version 17
VisualStudioVersion = 17.10.34916.146
MinimumVisualStudioVersion = 10.0.40219.1
Project("{FAE04EC0-301F-11D3-BF4B-00C04F79EFBC}") = "consoleFrontendFramework", "consoleFrontendFramework\consoleFrontendFramework.csproj", "{CBFDCE9F-CED5-4D47-B7E5-19CD00EEE6ED}"
EndProject
Global
	GlobalSection(SolutionConfigurationPlatforms) = preSolution
		Debug|Any CPU = Debug|Any CPU
		Release|Any CPU = Release|Any CPU
	EndGlobalSection
	GlobalSection(ProjectConfigurationPlatforms) = postSolution
		{CBFDCE9F-CED5-4D47-B7E5-19CD00EEE6ED}.Debug|Any CPU.ActiveCfg = Release|Any CPU
		{CBFDCE9F-CED5-4D47-B7E5-19CD00EEE6ED}.Debug|Any CPU.Build.0 = Release|Any CPU
		{CBFDCE9F-CED5-4D47-B7E5-19CD00EEE6ED}.Release|Any CPU.ActiveCfg = Release|Any CPU
		{CBFDCE9F-CED5-4D47-B7E5-19CD00EEE6ED}.Release|Any CPU.Build.0 = Release|Any CPU
	EndGlobalSection
	GlobalSection(SolutionProperties) = preSolution
		HideSolutionNode = FALSE
	EndGlobalSection
	GlobalSection(ExtensibilityGlobals) = postSolution
		SolutionGuid = {34DDA07F-05C0-40F2-A3CF-D85068372C7A}
	EndGlobalSection
EndGlobal
